
Microsoft Visual Studio Solution File, Format Version 12.00
# Visual Studio Version 16
VisualStudioVersion = 16.0.29209.62
MinimumVisualStudioVersion = 10.0.40219.1
Project("{FAE04EC0-301F-11D3-BF4B-00C04F79EFBC}") = "SK_NilaiMahasiswa__CS", "SK_NilaiMahasiswa__CS.csproj", "{83B3B773-5269-4B4A-B84A-327FF85E6670}"
EndProject
Global
	GlobalSection(SolutionConfigurationPlatforms) = preSolution
		Debug|Any CPU = Debug|Any CPU
		Release|Any CPU = Release|Any CPU
	EndGlobalSection
	GlobalSection(ProjectConfigurationPlatforms) = postSolution
		{83B3B773-5269-4B4A-B84A-327FF85E6670}.Debug|Any CPU.ActiveCfg = Debug|Any CPU
		{83B3B773-5269-4B4A-B84A-327FF85E6670}.Debug|Any CPU.Build.0 = Debug|Any CPU
		{83B3B773-5269-4B4A-B84A-327FF85E6670}.Release|Any CPU.ActiveCfg = Release|Any CPU
		{83B3B773-5269-4B4A-B84A-327FF85E6670}.Release|Any CPU.Build.0 = Release|Any CPU
	EndGlobalSection
	GlobalSection(SolutionProperties) = preSolution
		HideSolutionNode = FALSE
	EndGlobalSection
	GlobalSection(ExtensibilityGlobals) = postSolution
		SolutionGuid = {FEA18586-211F-478D-BA72-B0FC7FD2ED77}
	EndGlobalSection
EndGlobal
